
Microsoft Visual Studio Solution File, Format Version 12.00
# Visual Studio Version 16
VisualStudioVersion = 16.0.33927.289
MinimumVisualStudioVersion = 10.0.40219.1
Project("{2150E333-8FDC-42A3-9474-1A3956D46DE8}") = "Task0", "Task0", "{1DB5262D-91B4-4CE9-B49C-11C28A91A5A0}"
EndProject
Project("{FAE04EC0-301F-11D3-BF4B-00C04F79EFBC}") = "Tyuiu.PestrikovDD.Sprint0.Task0.V0", "Tyuiu.PestrikovDD.Sprint0.Task0.V0\Tyuiu.PestrikovDD.Sprint0.Task0.V0.csproj", "{D2C93787-FBBB-4424-88B2-608B9BE30D79}"
EndProject
Project("{2150E333-8FDC-42A3-9474-1A3956D46DE8}") = "Task1", "Task1", "{D70876FC-A068-43E9-AAD6-735B4EC9EB0B}"
EndProject
Project("{FAE04EC0-301F-11D3-BF4B-00C04F79EFBC}") = "Tyuiu.PestrikovDD.Sprint0.Task1.V0", "Tyuiu.PestrikovDD.Sprint0.Task1.V0\Tyuiu.PestrikovDD.Sprint0.Task1.V0.csproj", "{92835A3F-B2C4-47FA-B791-B830B838AAE0}"
EndProject
Global
	GlobalSection(SolutionConfigurationPlatforms) = preSolution
		Debug|Any CPU = Debug|Any CPU
		Release|Any CPU = Release|Any CPU
	EndGlobalSection
	GlobalSection(ProjectConfigurationPlatforms) = postSolution
		{D2C93787-FBBB-4424-88B2-608B9BE30D79}.Debug|Any CPU.ActiveCfg = Debug|Any CPU
		{D2C93787-FBBB-4424-88B2-608B9BE30D79}.Debug|Any CPU.Build.0 = Debug|Any CPU
		{D2C93787-FBBB-4424-88B2-608B9BE30D79}.Release|Any CPU.ActiveCfg = Release|Any CPU
		{D2C93787-FBBB-4424-88B2-608B9BE30D79}.Release|Any CPU.Build.0 = Release|Any CPU
		{92835A3F-B2C4-47FA-B791-B830B838AAE0}.Debug|Any CPU.ActiveCfg = Debug|Any CPU
		{92835A3F-B2C4-47FA-B791-B830B838AAE0}.Debug|Any CPU.Build.0 = Debug|Any CPU
		{92835A3F-B2C4-47FA-B791-B830B838AAE0}.Release|Any CPU.ActiveCfg = Release|Any CPU
		{92835A3F-B2C4-47FA-B791-B830B838AAE0}.Release|Any CPU.Build.0 = Release|Any CPU
	EndGlobalSection
	GlobalSection(SolutionProperties) = preSolution
		HideSolutionNode = FALSE
	EndGlobalSection
	GlobalSection(NestedProjects) = preSolution
		{D2C93787-FBBB-4424-88B2-608B9BE30D79} = {1DB5262D-91B4-4CE9-B49C-11C28A91A5A0}
		{92835A3F-B2C4-47FA-B791-B830B838AAE0} = {D70876FC-A068-43E9-AAD6-735B4EC9EB0B}
	EndGlobalSection
	GlobalSection(ExtensibilityGlobals) = postSolution
		SolutionGuid = {AB775978-0887-46F8-B613-6458617B5862}
	EndGlobalSection
EndGlobal
