
Microsoft Visual Studio Solution File, Format Version 12.00
# Visual Studio Version 16
VisualStudioVersion = 16.0.33927.289
MinimumVisualStudioVersion = 10.0.40219.1
Project("{2150E333-8FDC-42A3-9474-1A3956D46DE8}") = "Task0", "Task0", "{1DB5262D-91B4-4CE9-B49C-11C28A91A5A0}"
EndProject
Project("{FAE04EC0-301F-11D3-BF4B-00C04F79EFBC}") = "Tyuiu.PestrikovDD.Sprint0.Task0.V0", "Tyuiu.PestrikovDD.Sprint0.Task0.V0\Tyuiu.PestrikovDD.Sprint0.Task0.V0.csproj", "{D2C93787-FBBB-4424-88B2-608B9BE30D79}"
EndProject
Project("{2150E333-8FDC-42A3-9474-1A3956D46DE8}") = "Task1", "Task1", "{D70876FC-A068-43E9-AAD6-735B4EC9EB0B}"
EndProject
Project("{FAE04EC0-301F-11D3-BF4B-00C04F79EFBC}") = "Tyuiu.PestrikovDD.Sprint0.Task1.V0", "Tyuiu.PestrikovDD.Sprint0.Task1.V0\Tyuiu.PestrikovDD.Sprint0.Task1.V0.csproj", "{92835A3F-B2C4-47FA-B791-B830B838AAE0}"
EndProject
Project("{2150E333-8FDC-42A3-9474-1A3956D46DE8}") = "Task2", "Task2", "{788DAFE7-AAED-476F-9EA8-2D7C02124E57}"
EndProject
Project("{FAE04EC0-301F-11D3-BF4B-00C04F79EFBC}") = "Tyuiu.PestrikovDD.Task2.V0", "tyuiu.PestrikovDD.Task2.V0\Tyuiu.PestrikovDD.Task2.V0.csproj", "{1906C986-1BC6-490C-A794-34448CE7D4FD}"
EndProject
Project("{FAE04EC0-301F-11D3-BF4B-00C04F79EFBC}") = "Tyuiu.PestrikovDD.Task2.V0.Lib", "Tyuiu.PestrikovDD.Task2.V0.Lib\Tyuiu.PestrikovDD.Task2.V0.Lib.csproj", "{F00B646B-B28D-4BA5-882D-3B70C2538AF6}"
EndProject
Project("{FAE04EC0-301F-11D3-BF4B-00C04F79EFBC}") = "Tyuiu.PestrikovDD.Task2.V0.Test", "Tyuiu.PestrikovDD.Task2.V0.Test\Tyuiu.PestrikovDD.Task2.V0.Test.csproj", "{3CAD12F2-0D9E-471E-ACA3-FB416D237D18}"
EndProject
Project("{2150E333-8FDC-42A3-9474-1A3956D46DE8}") = "Task3", "Task3", "{37827607-6F82-4132-8FB0-D0D9C902BB89}"
EndProject
Project("{FAE04EC0-301F-11D3-BF4B-00C04F79EFBC}") = "Tyuiu.PestrikovDD.Sprint0.Task3.V0", "Tyuiu.PestrikovDD.Sprint0.Task3.V0\Tyuiu.PestrikovDD.Sprint0.Task3.V0.csproj", "{2BF72765-18E7-4115-8C44-B6BA53FE0129}"
EndProject
Project("{FAE04EC0-301F-11D3-BF4B-00C04F79EFBC}") = "Tyuiu.PestrikovDD.Sprint0.Task3.V0.Lib", "Tyuiu.PestrikovDD.Sprint0.Task3.V0.Lib\Tyuiu.PestrikovDD.Sprint0.Task3.V0.Lib.csproj", "{A09DFA19-FBDF-46C8-AFE5-FF3632E2D2D7}"
EndProject
Project("{FAE04EC0-301F-11D3-BF4B-00C04F79EFBC}") = "Tyuiu.PestrikovDD.Sprint0.Task3.V0.Test", "Tyuiu.PestrikovDD.Sprint0.Task3.V0.Test\Tyuiu.PestrikovDD.Sprint0.Task3.V0.Test.csproj", "{1A2B825E-9497-48FD-A1EF-9C7097DA4CD9}"
EndProject
Project("{2150E333-8FDC-42A3-9474-1A3956D46DE8}") = "Task4", "Task4", "{06596E90-5FE1-492E-84B6-8159E9F74865}"
EndProject
Project("{FAE04EC0-301F-11D3-BF4B-00C04F79EFBC}") = "Tyuiu.PestrikovDD.Sprint0.Task4.V0", "Tyuiu.PestrikovDD.Sprint0.Task4.V0\Tyuiu.PestrikovDD.Sprint0.Task4.V0.csproj", "{102425AE-BDE7-4DB4-8F8C-0F8BC013D6DE}"
EndProject
Project("{FAE04EC0-301F-11D3-BF4B-00C04F79EFBC}") = "Tyuiu.PestrikovDD.Sprint0.Task4.V0.Lib", "Tyuiu.PestrikovDD.Sprint0.Task4.V0.Lib\Tyuiu.PestrikovDD.Sprint0.Task4.V0.Lib.csproj", "{C95E9B85-3CFD-4990-B729-73A3C74073D9}"
EndProject
Project("{FAE04EC0-301F-11D3-BF4B-00C04F79EFBC}") = "Tyuiu.PestrikovDD.Sprint0.Task4.V0.Test", "Tyuiu.PestrikovDD.Sprint0.Task4.V0.Test\Tyuiu.PestrikovDD.Sprint0.Task4.V0.Test.csproj", "{2A500474-E687-4194-8F96-4BD2E7A0E78B}"
EndProject
Global
	GlobalSection(SolutionConfigurationPlatforms) = preSolution
		Debug|Any CPU = Debug|Any CPU
		Release|Any CPU = Release|Any CPU
	EndGlobalSection
	GlobalSection(ProjectConfigurationPlatforms) = postSolution
		{D2C93787-FBBB-4424-88B2-608B9BE30D79}.Debug|Any CPU.ActiveCfg = Debug|Any CPU
		{D2C93787-FBBB-4424-88B2-608B9BE30D79}.Debug|Any CPU.Build.0 = Debug|Any CPU
		{D2C93787-FBBB-4424-88B2-608B9BE30D79}.Release|Any CPU.ActiveCfg = Release|Any CPU
		{D2C93787-FBBB-4424-88B2-608B9BE30D79}.Release|Any CPU.Build.0 = Release|Any CPU
		{92835A3F-B2C4-47FA-B791-B830B838AAE0}.Debug|Any CPU.ActiveCfg = Debug|Any CPU
		{92835A3F-B2C4-47FA-B791-B830B838AAE0}.Debug|Any CPU.Build.0 = Debug|Any CPU
		{92835A3F-B2C4-47FA-B791-B830B838AAE0}.Release|Any CPU.ActiveCfg = Release|Any CPU
		{92835A3F-B2C4-47FA-B791-B830B838AAE0}.Release|Any CPU.Build.0 = Release|Any CPU
		{1906C986-1BC6-490C-A794-34448CE7D4FD}.Debug|Any CPU.ActiveCfg = Debug|Any CPU
		{1906C986-1BC6-490C-A794-34448CE7D4FD}.Debug|Any CPU.Build.0 = Debug|Any CPU
		{1906C986-1BC6-490C-A794-34448CE7D4FD}.Release|Any CPU.ActiveCfg = Release|Any CPU
		{1906C986-1BC6-490C-A794-34448CE7D4FD}.Release|Any CPU.Build.0 = Release|Any CPU
		{F00B646B-B28D-4BA5-882D-3B70C2538AF6}.Debug|Any CPU.ActiveCfg = Debug|Any CPU
		{F00B646B-B28D-4BA5-882D-3B70C2538AF6}.Debug|Any CPU.Build.0 = Debug|Any CPU
		{F00B646B-B28D-4BA5-882D-3B70C2538AF6}.Release|Any CPU.ActiveCfg = Release|Any CPU
		{F00B646B-B28D-4BA5-882D-3B70C2538AF6}.Release|Any CPU.Build.0 = Release|Any CPU
		{3CAD12F2-0D9E-471E-ACA3-FB416D237D18}.Debug|Any CPU.ActiveCfg = Debug|Any CPU
		{3CAD12F2-0D9E-471E-ACA3-FB416D237D18}.Debug|Any CPU.Build.0 = Debug|Any CPU
		{3CAD12F2-0D9E-471E-ACA3-FB416D237D18}.Release|Any CPU.ActiveCfg = Release|Any CPU
		{3CAD12F2-0D9E-471E-ACA3-FB416D237D18}.Release|Any CPU.Build.0 = Release|Any CPU
		{2BF72765-18E7-4115-8C44-B6BA53FE0129}.Debug|Any CPU.ActiveCfg = Debug|Any CPU
		{2BF72765-18E7-4115-8C44-B6BA53FE0129}.Debug|Any CPU.Build.0 = Debug|Any CPU
		{2BF72765-18E7-4115-8C44-B6BA53FE0129}.Release|Any CPU.ActiveCfg = Release|Any CPU
		{2BF72765-18E7-4115-8C44-B6BA53FE0129}.Release|Any CPU.Build.0 = Release|Any CPU
		{A09DFA19-FBDF-46C8-AFE5-FF3632E2D2D7}.Debug|Any CPU.ActiveCfg = Debug|Any CPU
		{A09DFA19-FBDF-46C8-AFE5-FF3632E2D2D7}.Debug|Any CPU.Build.0 = Debug|Any CPU
		{A09DFA19-FBDF-46C8-AFE5-FF3632E2D2D7}.Release|Any CPU.ActiveCfg = Release|Any CPU
		{A09DFA19-FBDF-46C8-AFE5-FF3632E2D2D7}.Release|Any CPU.Build.0 = Release|Any CPU
		{1A2B825E-9497-48FD-A1EF-9C7097DA4CD9}.Debug|Any CPU.ActiveCfg = Debug|Any CPU
		{1A2B825E-9497-48FD-A1EF-9C7097DA4CD9}.Debug|Any CPU.Build.0 = Debug|Any CPU
		{1A2B825E-9497-48FD-A1EF-9C7097DA4CD9}.Release|Any CPU.ActiveCfg = Release|Any CPU
		{1A2B825E-9497-48FD-A1EF-9C7097DA4CD9}.Release|Any CPU.Build.0 = Release|Any CPU
		{102425AE-BDE7-4DB4-8F8C-0F8BC013D6DE}.Debug|Any CPU.ActiveCfg = Debug|Any CPU
		{102425AE-BDE7-4DB4-8F8C-0F8BC013D6DE}.Debug|Any CPU.Build.0 = Debug|Any CPU
		{102425AE-BDE7-4DB4-8F8C-0F8BC013D6DE}.Release|Any CPU.ActiveCfg = Release|Any CPU
		{102425AE-BDE7-4DB4-8F8C-0F8BC013D6DE}.Release|Any CPU.Build.0 = Release|Any CPU
		{C95E9B85-3CFD-4990-B729-73A3C74073D9}.Debug|Any CPU.ActiveCfg = Debug|Any CPU
		{C95E9B85-3CFD-4990-B729-73A3C74073D9}.Debug|Any CPU.Build.0 = Debug|Any CPU
		{C95E9B85-3CFD-4990-B729-73A3C74073D9}.Release|Any CPU.ActiveCfg = Release|Any CPU
		{C95E9B85-3CFD-4990-B729-73A3C74073D9}.Release|Any CPU.Build.0 = Release|Any CPU
		{2A500474-E687-4194-8F96-4BD2E7A0E78B}.Debug|Any CPU.ActiveCfg = Debug|Any CPU
		{2A500474-E687-4194-8F96-4BD2E7A0E78B}.Debug|Any CPU.Build.0 = Debug|Any CPU
		{2A500474-E687-4194-8F96-4BD2E7A0E78B}.Release|Any CPU.ActiveCfg = Release|Any CPU
		{2A500474-E687-4194-8F96-4BD2E7A0E78B}.Release|Any CPU.Build.0 = Release|Any CPU
	EndGlobalSection
	GlobalSection(SolutionProperties) = preSolution
		HideSolutionNode = FALSE
	EndGlobalSection
	GlobalSection(NestedProjects) = preSolution
		{D2C93787-FBBB-4424-88B2-608B9BE30D79} = {1DB5262D-91B4-4CE9-B49C-11C28A91A5A0}
		{92835A3F-B2C4-47FA-B791-B830B838AAE0} = {D70876FC-A068-43E9-AAD6-735B4EC9EB0B}
		{1906C986-1BC6-490C-A794-34448CE7D4FD} = {788DAFE7-AAED-476F-9EA8-2D7C02124E57}
		{F00B646B-B28D-4BA5-882D-3B70C2538AF6} = {788DAFE7-AAED-476F-9EA8-2D7C02124E57}
		{3CAD12F2-0D9E-471E-ACA3-FB416D237D18} = {788DAFE7-AAED-476F-9EA8-2D7C02124E57}
		{2BF72765-18E7-4115-8C44-B6BA53FE0129} = {37827607-6F82-4132-8FB0-D0D9C902BB89}
		{A09DFA19-FBDF-46C8-AFE5-FF3632E2D2D7} = {37827607-6F82-4132-8FB0-D0D9C902BB89}
		{1A2B825E-9497-48FD-A1EF-9C7097DA4CD9} = {37827607-6F82-4132-8FB0-D0D9C902BB89}
		{102425AE-BDE7-4DB4-8F8C-0F8BC013D6DE} = {06596E90-5FE1-492E-84B6-8159E9F74865}
		{C95E9B85-3CFD-4990-B729-73A3C74073D9} = {06596E90-5FE1-492E-84B6-8159E9F74865}
		{2A500474-E687-4194-8F96-4BD2E7A0E78B} = {06596E90-5FE1-492E-84B6-8159E9F74865}
	EndGlobalSection
	GlobalSection(ExtensibilityGlobals) = postSolution
		SolutionGuid = {AB775978-0887-46F8-B613-6458617B5862}
	EndGlobalSection
EndGlobal
